
Microsoft Visual Studio Solution File, Format Version 12.00
# Visual Studio Version 16
VisualStudioVersion = 16.0.29409.12
MinimumVisualStudioVersion = 10.0.40219.1
Project("{9A19103F-16F7-4668-BE54-9A1E7A4F7556}") = "SuaveKeys.Core.Models", "SuaveKeys.Core.Models\SuaveKeys.Core.Models.csproj", "{950F875D-E485-495D-8694-65D23BBDF99E}"
EndProject
Project("{9A19103F-16F7-4668-BE54-9A1E7A4F7556}") = "SuaveKeys.Api", "SuaveKeys.Api\SuaveKeys.Api.csproj", "{B05D9B3C-2913-42BD-B17E-F23C3FF7B3A2}"
EndProject
Project("{2150E333-8FDC-42A3-9474-1A3956D46DE8}") = "01 - Core", "01 - Core", "{184446DD-570E-4427-8B30-75300F916AC1}"
EndProject
Project("{2150E333-8FDC-42A3-9474-1A3956D46DE8}") = "02 - Infrastructure", "02 - Infrastructure", "{903AF433-6938-4B1C-A9D3-D31D297A28D7}"
EndProject
Project("{2150E333-8FDC-42A3-9474-1A3956D46DE8}") = "03 - Clients", "03 - Clients", "{3AF3CD22-CC7F-437B-BB25-A01A2C3F7C5B}"
EndProject
Project("{2150E333-8FDC-42A3-9474-1A3956D46DE8}") = "04 - Tests", "04 - Tests", "{62C55F53-B93D-4585-A8BF-4F5BCA07E5E9}"
EndProject
Project("{9A19103F-16F7-4668-BE54-9A1E7A4F7556}") = "SuaveKeys.Infrastructure.Data", "SuaveKeys.Infrastructure.Data\SuaveKeys.Infrastructure.Data.csproj", "{4F217BC6-2122-43FB-B057-CB02FBCB3D50}"
EndProject
Project("{9A19103F-16F7-4668-BE54-9A1E7A4F7556}") = "SuaveKeys.Infrastructure.Business", "SuaveKeys.Infrastructure.Business\SuaveKeys.Infrastructure.Business.csproj", "{8ED61E34-C83F-49AF-8B49-0FA1C13BBDB0}"
EndProject
Project("{9A19103F-16F7-4668-BE54-9A1E7A4F7556}") = "SuaveKeys.Core.Data", "SuaveKeys.Core.Data\SuaveKeys.Core.Data.csproj", "{55D171C6-B2F3-4EF7-A0F0-FE05DD067C1B}"
EndProject
Project("{9A19103F-16F7-4668-BE54-9A1E7A4F7556}") = "SuaveKeys.Core.Business", "SuaveKeys.Core.Business\SuaveKeys.Core.Business.csproj", "{A0788AD4-438D-4C8E-8144-D72B817B65F6}"
EndProject
Project("{FAE04EC0-301F-11D3-BF4B-00C04F79EFBC}") = "SuaveKeys.Clients.UWP", "SuaveKeys.Clients\SuaveKeys.Clients.UWP\SuaveKeys.Clients.UWP.csproj", "{FB7BAA57-99BC-400B-A108-087E55331915}"
EndProject
Project("{FAE04EC0-301F-11D3-BF4B-00C04F79EFBC}") = "SuaveKeys.Clients.Android", "SuaveKeys.Clients\SuaveKeys.Clients.Android\SuaveKeys.Clients.Android.csproj", "{805C6797-DC4B-47CA-A477-C4CB516960A1}"
EndProject
Project("{FAE04EC0-301F-11D3-BF4B-00C04F79EFBC}") = "SuaveKeys.Clients.iOS", "SuaveKeys.Clients\SuaveKeys.Clients.iOS\SuaveKeys.Clients.iOS.csproj", "{41678292-CA33-4D05-BF50-43C192727846}"
EndProject
Project("{FAE04EC0-301F-11D3-BF4B-00C04F79EFBC}") = "SuaveKeys.Clients", "SuaveKeys.Clients\SuaveKeys.Clients\SuaveKeys.Clients.csproj", "{54762268-E135-4151-A6BA-25D1DDB8AFBB}"
EndProject
Global
	GlobalSection(SolutionConfigurationPlatforms) = preSolution
		Debug|Any CPU = Debug|Any CPU
		Debug|ARM = Debug|ARM
		Debug|ARM64 = Debug|ARM64
		Debug|iPhone = Debug|iPhone
		Debug|iPhoneSimulator = Debug|iPhoneSimulator
		Debug|x64 = Debug|x64
		Debug|x86 = Debug|x86
		Release|Any CPU = Release|Any CPU
		Release|ARM = Release|ARM
		Release|ARM64 = Release|ARM64
		Release|iPhone = Release|iPhone
		Release|iPhoneSimulator = Release|iPhoneSimulator
		Release|x64 = Release|x64
		Release|x86 = Release|x86
	EndGlobalSection
	GlobalSection(ProjectConfigurationPlatforms) = postSolution
		{950F875D-E485-495D-8694-65D23BBDF99E}.Debug|Any CPU.ActiveCfg = Debug|Any CPU
		{950F875D-E485-495D-8694-65D23BBDF99E}.Debug|Any CPU.Build.0 = Debug|Any CPU
		{950F875D-E485-495D-8694-65D23BBDF99E}.Debug|ARM.ActiveCfg = Debug|Any CPU
		{950F875D-E485-495D-8694-65D23BBDF99E}.Debug|ARM.Build.0 = Debug|Any CPU
		{950F875D-E485-495D-8694-65D23BBDF99E}.Debug|ARM64.ActiveCfg = Debug|Any CPU
		{950F875D-E485-495D-8694-65D23BBDF99E}.Debug|ARM64.Build.0 = Debug|Any CPU
		{950F875D-E485-495D-8694-65D23BBDF99E}.Debug|iPhone.ActiveCfg = Debug|Any CPU
		{950F875D-E485-495D-8694-65D23BBDF99E}.Debug|iPhone.Build.0 = Debug|Any CPU
		{950F875D-E485-495D-8694-65D23BBDF99E}.Debug|iPhoneSimulator.ActiveCfg = Debug|Any CPU
		{950F875D-E485-495D-8694-65D23BBDF99E}.Debug|iPhoneSimulator.Build.0 = Debug|Any CPU
		{950F875D-E485-495D-8694-65D23BBDF99E}.Debug|x64.ActiveCfg = Debug|Any CPU
		{950F875D-E485-495D-8694-65D23BBDF99E}.Debug|x64.Build.0 = Debug|Any CPU
		{950F875D-E485-495D-8694-65D23BBDF99E}.Debug|x86.ActiveCfg = Debug|Any CPU
		{950F875D-E485-495D-8694-65D23BBDF99E}.Debug|x86.Build.0 = Debug|Any CPU
		{950F875D-E485-495D-8694-65D23BBDF99E}.Release|Any CPU.ActiveCfg = Release|Any CPU
		{950F875D-E485-495D-8694-65D23BBDF99E}.Release|Any CPU.Build.0 = Release|Any CPU
		{950F875D-E485-495D-8694-65D23BBDF99E}.Release|ARM.ActiveCfg = Release|Any CPU
		{950F875D-E485-495D-8694-65D23BBDF99E}.Release|ARM.Build.0 = Release|Any CPU
		{950F875D-E485-495D-8694-65D23BBDF99E}.Release|ARM64.ActiveCfg = Release|Any CPU
		{950F875D-E485-495D-8694-65D23BBDF99E}.Release|ARM64.Build.0 = Release|Any CPU
		{950F875D-E485-495D-8694-65D23BBDF99E}.Release|iPhone.ActiveCfg = Release|Any CPU
		{950F875D-E485-495D-8694-65D23BBDF99E}.Release|iPhone.Build.0 = Release|Any CPU
		{950F875D-E485-495D-8694-65D23BBDF99E}.Release|iPhoneSimulator.ActiveCfg = Release|Any CPU
		{950F875D-E485-495D-8694-65D23BBDF99E}.Release|iPhoneSimulator.Build.0 = Release|Any CPU
		{950F875D-E485-495D-8694-65D23BBDF99E}.Release|x64.ActiveCfg = Release|Any CPU
		{950F875D-E485-495D-8694-65D23BBDF99E}.Release|x64.Build.0 = Release|Any CPU
		{950F875D-E485-495D-8694-65D23BBDF99E}.Release|x86.ActiveCfg = Release|Any CPU
		{950F875D-E485-495D-8694-65D23BBDF99E}.Release|x86.Build.0 = Release|Any CPU
		{B05D9B3C-2913-42BD-B17E-F23C3FF7B3A2}.Debug|Any CPU.ActiveCfg = Debug|Any CPU
		{B05D9B3C-2913-42BD-B17E-F23C3FF7B3A2}.Debug|Any CPU.Build.0 = Debug|Any CPU
		{B05D9B3C-2913-42BD-B17E-F23C3FF7B3A2}.Debug|ARM.ActiveCfg = Debug|Any CPU
		{B05D9B3C-2913-42BD-B17E-F23C3FF7B3A2}.Debug|ARM.Build.0 = Debug|Any CPU
		{B05D9B3C-2913-42BD-B17E-F23C3FF7B3A2}.Debug|ARM64.ActiveCfg = Debug|Any CPU
		{B05D9B3C-2913-42BD-B17E-F23C3FF7B3A2}.Debug|ARM64.Build.0 = Debug|Any CPU
		{B05D9B3C-2913-42BD-B17E-F23C3FF7B3A2}.Debug|iPhone.ActiveCfg = Debug|Any CPU
		{B05D9B3C-2913-42BD-B17E-F23C3FF7B3A2}.Debug|iPhone.Build.0 = Debug|Any CPU
		{B05D9B3C-2913-42BD-B17E-F23C3FF7B3A2}.Debug|iPhoneSimulator.ActiveCfg = Debug|Any CPU
		{B05D9B3C-2913-42BD-B17E-F23C3FF7B3A2}.Debug|iPhoneSimulator.Build.0 = Debug|Any CPU
		{B05D9B3C-2913-42BD-B17E-F23C3FF7B3A2}.Debug|x64.ActiveCfg = Debug|Any CPU
		{B05D9B3C-2913-42BD-B17E-F23C3FF7B3A2}.Debug|x64.Build.0 = Debug|Any CPU
		{B05D9B3C-2913-42BD-B17E-F23C3FF7B3A2}.Debug|x86.ActiveCfg = Debug|Any CPU
		{B05D9B3C-2913-42BD-B17E-F23C3FF7B3A2}.Debug|x86.Build.0 = Debug|Any CPU
		{B05D9B3C-2913-42BD-B17E-F23C3FF7B3A2}.Release|Any CPU.ActiveCfg = Release|Any CPU
		{B05D9B3C-2913-42BD-B17E-F23C3FF7B3A2}.Release|Any CPU.Build.0 = Release|Any CPU
		{B05D9B3C-2913-42BD-B17E-F23C3FF7B3A2}.Release|ARM.ActiveCfg = Release|Any CPU
		{B05D9B3C-2913-42BD-B17E-F23C3FF7B3A2}.Release|ARM.Build.0 = Release|Any CPU
		{B05D9B3C-2913-42BD-B17E-F23C3FF7B3A2}.Release|ARM64.ActiveCfg = Release|Any CPU
		{B05D9B3C-2913-42BD-B17E-F23C3FF7B3A2}.Release|ARM64.Build.0 = Release|Any CPU
		{B05D9B3C-2913-42BD-B17E-F23C3FF7B3A2}.Release|iPhone.ActiveCfg = Release|Any CPU
		{B05D9B3C-2913-42BD-B17E-F23C3FF7B3A2}.Release|iPhone.Build.0 = Release|Any CPU
		{B05D9B3C-2913-42BD-B17E-F23C3FF7B3A2}.Release|iPhoneSimulator.ActiveCfg = Release|Any CPU
		{B05D9B3C-2913-42BD-B17E-F23C3FF7B3A2}.Release|iPhoneSimulator.Build.0 = Release|Any CPU
		{B05D9B3C-2913-42BD-B17E-F23C3FF7B3A2}.Release|x64.ActiveCfg = Release|Any CPU
		{B05D9B3C-2913-42BD-B17E-F23C3FF7B3A2}.Release|x64.Build.0 = Release|Any CPU
		{B05D9B3C-2913-42BD-B17E-F23C3FF7B3A2}.Release|x86.ActiveCfg = Release|Any CPU
		{B05D9B3C-2913-42BD-B17E-F23C3FF7B3A2}.Release|x86.Build.0 = Release|Any CPU
		{4F217BC6-2122-43FB-B057-CB02FBCB3D50}.Debug|Any CPU.ActiveCfg = Debug|Any CPU
		{4F217BC6-2122-43FB-B057-CB02FBCB3D50}.Debug|Any CPU.Build.0 = Debug|Any CPU
		{4F217BC6-2122-43FB-B057-CB02FBCB3D50}.Debug|ARM.ActiveCfg = Debug|Any CPU
		{4F217BC6-2122-43FB-B057-CB02FBCB3D50}.Debug|ARM.Build.0 = Debug|Any CPU
		{4F217BC6-2122-43FB-B057-CB02FBCB3D50}.Debug|ARM64.ActiveCfg = Debug|Any CPU
		{4F217BC6-2122-43FB-B057-CB02FBCB3D50}.Debug|ARM64.Build.0 = Debug|Any CPU
		{4F217BC6-2122-43FB-B057-CB02FBCB3D50}.Debug|iPhone.ActiveCfg = Debug|Any CPU
		{4F217BC6-2122-43FB-B057-CB02FBCB3D50}.Debug|iPhone.Build.0 = Debug|Any CPU
		{4F217BC6-2122-43FB-B057-CB02FBCB3D50}.Debug|iPhoneSimulator.ActiveCfg = Debug|Any CPU
		{4F217BC6-2122-43FB-B057-CB02FBCB3D50}.Debug|iPhoneSimulator.Build.0 = Debug|Any CPU
		{4F217BC6-2122-43FB-B057-CB02FBCB3D50}.Debug|x64.ActiveCfg = Debug|Any CPU
		{4F217BC6-2122-43FB-B057-CB02FBCB3D50}.Debug|x64.Build.0 = Debug|Any CPU
		{4F217BC6-2122-43FB-B057-CB02FBCB3D50}.Debug|x86.ActiveCfg = Debug|Any CPU
		{4F217BC6-2122-43FB-B057-CB02FBCB3D50}.Debug|x86.Build.0 = Debug|Any CPU
		{4F217BC6-2122-43FB-B057-CB02FBCB3D50}.Release|Any CPU.ActiveCfg = Release|Any CPU
		{4F217BC6-2122-43FB-B057-CB02FBCB3D50}.Release|Any CPU.Build.0 = Release|Any CPU
		{4F217BC6-2122-43FB-B057-CB02FBCB3D50}.Release|ARM.ActiveCfg = Release|Any CPU
		{4F217BC6-2122-43FB-B057-CB02FBCB3D50}.Release|ARM.Build.0 = Release|Any CPU
		{4F217BC6-2122-43FB-B057-CB02FBCB3D50}.Release|ARM64.ActiveCfg = Release|Any CPU
		{4F217BC6-2122-43FB-B057-CB02FBCB3D50}.Release|ARM64.Build.0 = Release|Any CPU
		{4F217BC6-2122-43FB-B057-CB02FBCB3D50}.Release|iPhone.ActiveCfg = Release|Any CPU
		{4F217BC6-2122-43FB-B057-CB02FBCB3D50}.Release|iPhone.Build.0 = Release|Any CPU
		{4F217BC6-2122-43FB-B057-CB02FBCB3D50}.Release|iPhoneSimulator.ActiveCfg = Release|Any CPU
		{4F217BC6-2122-43FB-B057-CB02FBCB3D50}.Release|iPhoneSimulator.Build.0 = Release|Any CPU
		{4F217BC6-2122-43FB-B057-CB02FBCB3D50}.Release|x64.ActiveCfg = Release|Any CPU
		{4F217BC6-2122-43FB-B057-CB02FBCB3D50}.Release|x64.Build.0 = Release|Any CPU
		{4F217BC6-2122-43FB-B057-CB02FBCB3D50}.Release|x86.ActiveCfg = Release|Any CPU
		{4F217BC6-2122-43FB-B057-CB02FBCB3D50}.Release|x86.Build.0 = Release|Any CPU
		{8ED61E34-C83F-49AF-8B49-0FA1C13BBDB0}.Debug|Any CPU.ActiveCfg = Debug|Any CPU
		{8ED61E34-C83F-49AF-8B49-0FA1C13BBDB0}.Debug|Any CPU.Build.0 = Debug|Any CPU
		{8ED61E34-C83F-49AF-8B49-0FA1C13BBDB0}.Debug|ARM.ActiveCfg = Debug|Any CPU
		{8ED61E34-C83F-49AF-8B49-0FA1C13BBDB0}.Debug|ARM.Build.0 = Debug|Any CPU
		{8ED61E34-C83F-49AF-8B49-0FA1C13BBDB0}.Debug|ARM64.ActiveCfg = Debug|Any CPU
		{8ED61E34-C83F-49AF-8B49-0FA1C13BBDB0}.Debug|ARM64.Build.0 = Debug|Any CPU
		{8ED61E34-C83F-49AF-8B49-0FA1C13BBDB0}.Debug|iPhone.ActiveCfg = Debug|Any CPU
		{8ED61E34-C83F-49AF-8B49-0FA1C13BBDB0}.Debug|iPhone.Build.0 = Debug|Any CPU
		{8ED61E34-C83F-49AF-8B49-0FA1C13BBDB0}.Debug|iPhoneSimulator.ActiveCfg = Debug|Any CPU
		{8ED61E34-C83F-49AF-8B49-0FA1C13BBDB0}.Debug|iPhoneSimulator.Build.0 = Debug|Any CPU
		{8ED61E34-C83F-49AF-8B49-0FA1C13BBDB0}.Debug|x64.ActiveCfg = Debug|Any CPU
		{8ED61E34-C83F-49AF-8B49-0FA1C13BBDB0}.Debug|x64.Build.0 = Debug|Any CPU
		{8ED61E34-C83F-49AF-8B49-0FA1C13BBDB0}.Debug|x86.ActiveCfg = Debug|Any CPU
		{8ED61E34-C83F-49AF-8B49-0FA1C13BBDB0}.Debug|x86.Build.0 = Debug|Any CPU
		{8ED61E34-C83F-49AF-8B49-0FA1C13BBDB0}.Release|Any CPU.ActiveCfg = Release|Any CPU
		{8ED61E34-C83F-49AF-8B49-0FA1C13BBDB0}.Release|Any CPU.Build.0 = Release|Any CPU
		{8ED61E34-C83F-49AF-8B49-0FA1C13BBDB0}.Release|ARM.ActiveCfg = Release|Any CPU
		{8ED61E34-C83F-49AF-8B49-0FA1C13BBDB0}.Release|ARM.Build.0 = Release|Any CPU
		{8ED61E34-C83F-49AF-8B49-0FA1C13BBDB0}.Release|ARM64.ActiveCfg = Release|Any CPU
		{8ED61E34-C83F-49AF-8B49-0FA1C13BBDB0}.Release|ARM64.Build.0 = Release|Any CPU
		{8ED61E34-C83F-49AF-8B49-0FA1C13BBDB0}.Release|iPhone.ActiveCfg = Release|Any CPU
		{8ED61E34-C83F-49AF-8B49-0FA1C13BBDB0}.Release|iPhone.Build.0 = Release|Any CPU
		{8ED61E34-C83F-49AF-8B49-0FA1C13BBDB0}.Release|iPhoneSimulator.ActiveCfg = Release|Any CPU
		{8ED61E34-C83F-49AF-8B49-0FA1C13BBDB0}.Release|iPhoneSimulator.Build.0 = Release|Any CPU
		{8ED61E34-C83F-49AF-8B49-0FA1C13BBDB0}.Release|x64.ActiveCfg = Release|Any CPU
		{8ED61E34-C83F-49AF-8B49-0FA1C13BBDB0}.Release|x64.Build.0 = Release|Any CPU
		{8ED61E34-C83F-49AF-8B49-0FA1C13BBDB0}.Release|x86.ActiveCfg = Release|Any CPU
		{8ED61E34-C83F-49AF-8B49-0FA1C13BBDB0}.Release|x86.Build.0 = Release|Any CPU
		{55D171C6-B2F3-4EF7-A0F0-FE05DD067C1B}.Debug|Any CPU.ActiveCfg = Debug|Any CPU
		{55D171C6-B2F3-4EF7-A0F0-FE05DD067C1B}.Debug|Any CPU.Build.0 = Debug|Any CPU
		{55D171C6-B2F3-4EF7-A0F0-FE05DD067C1B}.Debug|ARM.ActiveCfg = Debug|Any CPU
		{55D171C6-B2F3-4EF7-A0F0-FE05DD067C1B}.Debug|ARM.Build.0 = Debug|Any CPU
		{55D171C6-B2F3-4EF7-A0F0-FE05DD067C1B}.Debug|ARM64.ActiveCfg = Debug|Any CPU
		{55D171C6-B2F3-4EF7-A0F0-FE05DD067C1B}.Debug|ARM64.Build.0 = Debug|Any CPU
		{55D171C6-B2F3-4EF7-A0F0-FE05DD067C1B}.Debug|iPhone.ActiveCfg = Debug|Any CPU
		{55D171C6-B2F3-4EF7-A0F0-FE05DD067C1B}.Debug|iPhone.Build.0 = Debug|Any CPU
		{55D171C6-B2F3-4EF7-A0F0-FE05DD067C1B}.Debug|iPhoneSimulator.ActiveCfg = Debug|Any CPU
		{55D171C6-B2F3-4EF7-A0F0-FE05DD067C1B}.Debug|iPhoneSimulator.Build.0 = Debug|Any CPU
		{55D171C6-B2F3-4EF7-A0F0-FE05DD067C1B}.Debug|x64.ActiveCfg = Debug|Any CPU
		{55D171C6-B2F3-4EF7-A0F0-FE05DD067C1B}.Debug|x64.Build.0 = Debug|Any CPU
		{55D171C6-B2F3-4EF7-A0F0-FE05DD067C1B}.Debug|x86.ActiveCfg = Debug|Any CPU
		{55D171C6-B2F3-4EF7-A0F0-FE05DD067C1B}.Debug|x86.Build.0 = Debug|Any CPU
		{55D171C6-B2F3-4EF7-A0F0-FE05DD067C1B}.Release|Any CPU.ActiveCfg = Release|Any CPU
		{55D171C6-B2F3-4EF7-A0F0-FE05DD067C1B}.Release|Any CPU.Build.0 = Release|Any CPU
		{55D171C6-B2F3-4EF7-A0F0-FE05DD067C1B}.Release|ARM.ActiveCfg = Release|Any CPU
		{55D171C6-B2F3-4EF7-A0F0-FE05DD067C1B}.Release|ARM.Build.0 = Release|Any CPU
		{55D171C6-B2F3-4EF7-A0F0-FE05DD067C1B}.Release|ARM64.ActiveCfg = Release|Any CPU
		{55D171C6-B2F3-4EF7-A0F0-FE05DD067C1B}.Release|ARM64.Build.0 = Release|Any CPU
		{55D171C6-B2F3-4EF7-A0F0-FE05DD067C1B}.Release|iPhone.ActiveCfg = Release|Any CPU
		{55D171C6-B2F3-4EF7-A0F0-FE05DD067C1B}.Release|iPhone.Build.0 = Release|Any CPU
		{55D171C6-B2F3-4EF7-A0F0-FE05DD067C1B}.Release|iPhoneSimulator.ActiveCfg = Release|Any CPU
		{55D171C6-B2F3-4EF7-A0F0-FE05DD067C1B}.Release|iPhoneSimulator.Build.0 = Release|Any CPU
		{55D171C6-B2F3-4EF7-A0F0-FE05DD067C1B}.Release|x64.ActiveCfg = Release|Any CPU
		{55D171C6-B2F3-4EF7-A0F0-FE05DD067C1B}.Release|x64.Build.0 = Release|Any CPU
		{55D171C6-B2F3-4EF7-A0F0-FE05DD067C1B}.Release|x86.ActiveCfg = Release|Any CPU
		{55D171C6-B2F3-4EF7-A0F0-FE05DD067C1B}.Release|x86.Build.0 = Release|Any CPU
		{A0788AD4-438D-4C8E-8144-D72B817B65F6}.Debug|Any CPU.ActiveCfg = Debug|Any CPU
		{A0788AD4-438D-4C8E-8144-D72B817B65F6}.Debug|Any CPU.Build.0 = Debug|Any CPU
		{A0788AD4-438D-4C8E-8144-D72B817B65F6}.Debug|ARM.ActiveCfg = Debug|Any CPU
		{A0788AD4-438D-4C8E-8144-D72B817B65F6}.Debug|ARM.Build.0 = Debug|Any CPU
		{A0788AD4-438D-4C8E-8144-D72B817B65F6}.Debug|ARM64.ActiveCfg = Debug|Any CPU
		{A0788AD4-438D-4C8E-8144-D72B817B65F6}.Debug|ARM64.Build.0 = Debug|Any CPU
		{A0788AD4-438D-4C8E-8144-D72B817B65F6}.Debug|iPhone.ActiveCfg = Debug|Any CPU
		{A0788AD4-438D-4C8E-8144-D72B817B65F6}.Debug|iPhone.Build.0 = Debug|Any CPU
		{A0788AD4-438D-4C8E-8144-D72B817B65F6}.Debug|iPhoneSimulator.ActiveCfg = Debug|Any CPU
		{A0788AD4-438D-4C8E-8144-D72B817B65F6}.Debug|iPhoneSimulator.Build.0 = Debug|Any CPU
		{A0788AD4-438D-4C8E-8144-D72B817B65F6}.Debug|x64.ActiveCfg = Debug|Any CPU
		{A0788AD4-438D-4C8E-8144-D72B817B65F6}.Debug|x64.Build.0 = Debug|Any CPU
		{A0788AD4-438D-4C8E-8144-D72B817B65F6}.Debug|x86.ActiveCfg = Debug|Any CPU
		{A0788AD4-438D-4C8E-8144-D72B817B65F6}.Debug|x86.Build.0 = Debug|Any CPU
		{A0788AD4-438D-4C8E-8144-D72B817B65F6}.Release|Any CPU.ActiveCfg = Release|Any CPU
		{A0788AD4-438D-4C8E-8144-D72B817B65F6}.Release|Any CPU.Build.0 = Release|Any CPU
		{A0788AD4-438D-4C8E-8144-D72B817B65F6}.Release|ARM.ActiveCfg = Release|Any CPU
		{A0788AD4-438D-4C8E-8144-D72B817B65F6}.Release|ARM.Build.0 = Release|Any CPU
		{A0788AD4-438D-4C8E-8144-D72B817B65F6}.Release|ARM64.ActiveCfg = Release|Any CPU
		{A0788AD4-438D-4C8E-8144-D72B817B65F6}.Release|ARM64.Build.0 = Release|Any CPU
		{A0788AD4-438D-4C8E-8144-D72B817B65F6}.Release|iPhone.ActiveCfg = Release|Any CPU
		{A0788AD4-438D-4C8E-8144-D72B817B65F6}.Release|iPhone.Build.0 = Release|Any CPU
		{A0788AD4-438D-4C8E-8144-D72B817B65F6}.Release|iPhoneSimulator.ActiveCfg = Release|Any CPU
		{A0788AD4-438D-4C8E-8144-D72B817B65F6}.Release|iPhoneSimulator.Build.0 = Release|Any CPU
		{A0788AD4-438D-4C8E-8144-D72B817B65F6}.Release|x64.ActiveCfg = Release|Any CPU
		{A0788AD4-438D-4C8E-8144-D72B817B65F6}.Release|x64.Build.0 = Release|Any CPU
		{A0788AD4-438D-4C8E-8144-D72B817B65F6}.Release|x86.ActiveCfg = Release|Any CPU
		{A0788AD4-438D-4C8E-8144-D72B817B65F6}.Release|x86.Build.0 = Release|Any CPU
		{FB7BAA57-99BC-400B-A108-087E55331915}.Debug|Any CPU.ActiveCfg = Debug|x86
		{FB7BAA57-99BC-400B-A108-087E55331915}.Debug|ARM.ActiveCfg = Debug|ARM
		{FB7BAA57-99BC-400B-A108-087E55331915}.Debug|ARM.Build.0 = Debug|ARM
		{FB7BAA57-99BC-400B-A108-087E55331915}.Debug|ARM.Deploy.0 = Debug|ARM
		{FB7BAA57-99BC-400B-A108-087E55331915}.Debug|ARM64.ActiveCfg = Debug|x86
		{FB7BAA57-99BC-400B-A108-087E55331915}.Debug|iPhone.ActiveCfg = Debug|x86
		{FB7BAA57-99BC-400B-A108-087E55331915}.Debug|iPhoneSimulator.ActiveCfg = Debug|x86
		{FB7BAA57-99BC-400B-A108-087E55331915}.Debug|x64.ActiveCfg = Debug|x64
		{FB7BAA57-99BC-400B-A108-087E55331915}.Debug|x64.Build.0 = Debug|x64
		{FB7BAA57-99BC-400B-A108-087E55331915}.Debug|x64.Deploy.0 = Debug|x64
		{FB7BAA57-99BC-400B-A108-087E55331915}.Debug|x86.ActiveCfg = Debug|x86
		{FB7BAA57-99BC-400B-A108-087E55331915}.Debug|x86.Build.0 = Debug|x86
		{FB7BAA57-99BC-400B-A108-087E55331915}.Debug|x86.Deploy.0 = Debug|x86
		{FB7BAA57-99BC-400B-A108-087E55331915}.Release|Any CPU.ActiveCfg = Release|x86
		{FB7BAA57-99BC-400B-A108-087E55331915}.Release|ARM.ActiveCfg = Release|ARM
		{FB7BAA57-99BC-400B-A108-087E55331915}.Release|ARM.Build.0 = Release|ARM
		{FB7BAA57-99BC-400B-A108-087E55331915}.Release|ARM.Deploy.0 = Release|ARM
		{FB7BAA57-99BC-400B-A108-087E55331915}.Release|ARM64.ActiveCfg = Release|x86
		{FB7BAA57-99BC-400B-A108-087E55331915}.Release|iPhone.ActiveCfg = Release|x86
		{FB7BAA57-99BC-400B-A108-087E55331915}.Release|iPhoneSimulator.ActiveCfg = Release|x86
		{FB7BAA57-99BC-400B-A108-087E55331915}.Release|x64.ActiveCfg = Release|x64
		{FB7BAA57-99BC-400B-A108-087E55331915}.Release|x64.Build.0 = Release|x64
		{FB7BAA57-99BC-400B-A108-087E55331915}.Release|x64.Deploy.0 = Release|x64
		{FB7BAA57-99BC-400B-A108-087E55331915}.Release|x86.ActiveCfg = Release|x86
		{FB7BAA57-99BC-400B-A108-087E55331915}.Release|x86.Build.0 = Release|x86
		{FB7BAA57-99BC-400B-A108-087E55331915}.Release|x86.Deploy.0 = Release|x86
		{805C6797-DC4B-47CA-A477-C4CB516960A1}.Debug|Any CPU.ActiveCfg = Debug|Any CPU
		{805C6797-DC4B-47CA-A477-C4CB516960A1}.Debug|Any CPU.Build.0 = Debug|Any CPU
		{805C6797-DC4B-47CA-A477-C4CB516960A1}.Debug|Any CPU.Deploy.0 = Debug|Any CPU
		{805C6797-DC4B-47CA-A477-C4CB516960A1}.Debug|ARM.ActiveCfg = Debug|Any CPU
		{805C6797-DC4B-47CA-A477-C4CB516960A1}.Debug|ARM.Build.0 = Debug|Any CPU
		{805C6797-DC4B-47CA-A477-C4CB516960A1}.Debug|ARM.Deploy.0 = Debug|Any CPU
		{805C6797-DC4B-47CA-A477-C4CB516960A1}.Debug|ARM64.ActiveCfg = Debug|Any CPU
		{805C6797-DC4B-47CA-A477-C4CB516960A1}.Debug|ARM64.Build.0 = Debug|Any CPU
		{805C6797-DC4B-47CA-A477-C4CB516960A1}.Debug|ARM64.Deploy.0 = Debug|Any CPU
		{805C6797-DC4B-47CA-A477-C4CB516960A1}.Debug|iPhone.ActiveCfg = Debug|Any CPU
		{805C6797-DC4B-47CA-A477-C4CB516960A1}.Debug|iPhone.Build.0 = Debug|Any CPU
		{805C6797-DC4B-47CA-A477-C4CB516960A1}.Debug|iPhone.Deploy.0 = Debug|Any CPU
		{805C6797-DC4B-47CA-A477-C4CB516960A1}.Debug|iPhoneSimulator.ActiveCfg = Debug|Any CPU
		{805C6797-DC4B-47CA-A477-C4CB516960A1}.Debug|iPhoneSimulator.Build.0 = Debug|Any CPU
		{805C6797-DC4B-47CA-A477-C4CB516960A1}.Debug|iPhoneSimulator.Deploy.0 = Debug|Any CPU
		{805C6797-DC4B-47CA-A477-C4CB516960A1}.Debug|x64.ActiveCfg = Debug|Any CPU
		{805C6797-DC4B-47CA-A477-C4CB516960A1}.Debug|x64.Build.0 = Debug|Any CPU
		{805C6797-DC4B-47CA-A477-C4CB516960A1}.Debug|x64.Deploy.0 = Debug|Any CPU
		{805C6797-DC4B-47CA-A477-C4CB516960A1}.Debug|x86.ActiveCfg = Debug|Any CPU
		{805C6797-DC4B-47CA-A477-C4CB516960A1}.Debug|x86.Build.0 = Debug|Any CPU
		{805C6797-DC4B-47CA-A477-C4CB516960A1}.Debug|x86.Deploy.0 = Debug|Any CPU
		{805C6797-DC4B-47CA-A477-C4CB516960A1}.Release|Any CPU.ActiveCfg = Release|Any CPU
		{805C6797-DC4B-47CA-A477-C4CB516960A1}.Release|Any CPU.Build.0 = Release|Any CPU
		{805C6797-DC4B-47CA-A477-C4CB516960A1}.Release|Any CPU.Deploy.0 = Release|Any CPU
		{805C6797-DC4B-47CA-A477-C4CB516960A1}.Release|ARM.ActiveCfg = Release|Any CPU
		{805C6797-DC4B-47CA-A477-C4CB516960A1}.Release|ARM.Build.0 = Release|Any CPU
		{805C6797-DC4B-47CA-A477-C4CB516960A1}.Release|ARM.Deploy.0 = Release|Any CPU
		{805C6797-DC4B-47CA-A477-C4CB516960A1}.Release|ARM64.ActiveCfg = Release|Any CPU
		{805C6797-DC4B-47CA-A477-C4CB516960A1}.Release|ARM64.Build.0 = Release|Any CPU
		{805C6797-DC4B-47CA-A477-C4CB516960A1}.Release|ARM64.Deploy.0 = Release|Any CPU
		{805C6797-DC4B-47CA-A477-C4CB516960A1}.Release|iPhone.ActiveCfg = Release|Any CPU
		{805C6797-DC4B-47CA-A477-C4CB516960A1}.Release|iPhone.Build.0 = Release|Any CPU
		{805C6797-DC4B-47CA-A477-C4CB516960A1}.Release|iPhone.Deploy.0 = Release|Any CPU
		{805C6797-DC4B-47CA-A477-C4CB516960A1}.Release|iPhoneSimulator.ActiveCfg = Release|Any CPU
		{805C6797-DC4B-47CA-A477-C4CB516960A1}.Release|iPhoneSimulator.Build.0 = Release|Any CPU
		{805C6797-DC4B-47CA-A477-C4CB516960A1}.Release|iPhoneSimulator.Deploy.0 = Release|Any CPU
		{805C6797-DC4B-47CA-A477-C4CB516960A1}.Release|x64.ActiveCfg = Release|Any CPU
		{805C6797-DC4B-47CA-A477-C4CB516960A1}.Release|x64.Build.0 = Release|Any CPU
		{805C6797-DC4B-47CA-A477-C4CB516960A1}.Release|x64.Deploy.0 = Release|Any CPU
		{805C6797-DC4B-47CA-A477-C4CB516960A1}.Release|x86.ActiveCfg = Release|Any CPU
		{805C6797-DC4B-47CA-A477-C4CB516960A1}.Release|x86.Build.0 = Release|Any CPU
		{805C6797-DC4B-47CA-A477-C4CB516960A1}.Release|x86.Deploy.0 = Release|Any CPU
		{41678292-CA33-4D05-BF50-43C192727846}.Debug|Any CPU.ActiveCfg = Debug|iPhone
		{41678292-CA33-4D05-BF50-43C192727846}.Debug|ARM.ActiveCfg = Debug|iPhone
		{41678292-CA33-4D05-BF50-43C192727846}.Debug|ARM64.ActiveCfg = Debug|iPhone
		{41678292-CA33-4D05-BF50-43C192727846}.Debug|iPhone.ActiveCfg = Debug|iPhone
		{41678292-CA33-4D05-BF50-43C192727846}.Debug|iPhone.Build.0 = Debug|iPhone
		{41678292-CA33-4D05-BF50-43C192727846}.Debug|iPhoneSimulator.ActiveCfg = Debug|iPhoneSimulator
		{41678292-CA33-4D05-BF50-43C192727846}.Debug|iPhoneSimulator.Build.0 = Debug|iPhoneSimulator
		{41678292-CA33-4D05-BF50-43C192727846}.Debug|x64.ActiveCfg = Debug|iPhone
		{41678292-CA33-4D05-BF50-43C192727846}.Debug|x86.ActiveCfg = Debug|iPhone
		{41678292-CA33-4D05-BF50-43C192727846}.Release|Any CPU.ActiveCfg = Release|iPhone
		{41678292-CA33-4D05-BF50-43C192727846}.Release|ARM.ActiveCfg = Release|iPhone
		{41678292-CA33-4D05-BF50-43C192727846}.Release|ARM64.ActiveCfg = Release|iPhone
		{41678292-CA33-4D05-BF50-43C192727846}.Release|iPhone.ActiveCfg = Release|iPhone
		{41678292-CA33-4D05-BF50-43C192727846}.Release|iPhone.Build.0 = Release|iPhone
		{41678292-CA33-4D05-BF50-43C192727846}.Release|iPhoneSimulator.ActiveCfg = Release|iPhoneSimulator
		{41678292-CA33-4D05-BF50-43C192727846}.Release|iPhoneSimulator.Build.0 = Release|iPhoneSimulator
		{41678292-CA33-4D05-BF50-43C192727846}.Release|x64.ActiveCfg = Release|iPhone
		{41678292-CA33-4D05-BF50-43C192727846}.Release|x86.ActiveCfg = Release|iPhone
		{54762268-E135-4151-A6BA-25D1DDB8AFBB}.Debug|Any CPU.ActiveCfg = Debug|Any CPU
		{54762268-E135-4151-A6BA-25D1DDB8AFBB}.Debug|Any CPU.Build.0 = Debug|Any CPU
		{54762268-E135-4151-A6BA-25D1DDB8AFBB}.Debug|ARM.ActiveCfg = Debug|Any CPU
		{54762268-E135-4151-A6BA-25D1DDB8AFBB}.Debug|ARM.Build.0 = Debug|Any CPU
		{54762268-E135-4151-A6BA-25D1DDB8AFBB}.Debug|ARM64.ActiveCfg = Debug|Any CPU
		{54762268-E135-4151-A6BA-25D1DDB8AFBB}.Debug|ARM64.Build.0 = Debug|Any CPU
		{54762268-E135-4151-A6BA-25D1DDB8AFBB}.Debug|iPhone.ActiveCfg = Debug|Any CPU
		{54762268-E135-4151-A6BA-25D1DDB8AFBB}.Debug|iPhone.Build.0 = Debug|Any CPU
		{54762268-E135-4151-A6BA-25D1DDB8AFBB}.Debug|iPhoneSimulator.ActiveCfg = Debug|Any CPU
		{54762268-E135-4151-A6BA-25D1DDB8AFBB}.Debug|iPhoneSimulator.Build.0 = Debug|Any CPU
		{54762268-E135-4151-A6BA-25D1DDB8AFBB}.Debug|x64.ActiveCfg = Debug|Any CPU
		{54762268-E135-4151-A6BA-25D1DDB8AFBB}.Debug|x64.Build.0 = Debug|Any CPU
		{54762268-E135-4151-A6BA-25D1DDB8AFBB}.Debug|x86.ActiveCfg = Debug|Any CPU
		{54762268-E135-4151-A6BA-25D1DDB8AFBB}.Debug|x86.Build.0 = Debug|Any CPU
		{54762268-E135-4151-A6BA-25D1DDB8AFBB}.Release|Any CPU.ActiveCfg = Release|Any CPU
		{54762268-E135-4151-A6BA-25D1DDB8AFBB}.Release|Any CPU.Build.0 = Release|Any CPU
		{54762268-E135-4151-A6BA-25D1DDB8AFBB}.Release|ARM.ActiveCfg = Release|Any CPU
		{54762268-E135-4151-A6BA-25D1DDB8AFBB}.Release|ARM.Build.0 = Release|Any CPU
		{54762268-E135-4151-A6BA-25D1DDB8AFBB}.Release|ARM64.ActiveCfg = Release|Any CPU
		{54762268-E135-4151-A6BA-25D1DDB8AFBB}.Release|ARM64.Build.0 = Release|Any CPU
		{54762268-E135-4151-A6BA-25D1DDB8AFBB}.Release|iPhone.ActiveCfg = Release|Any CPU
		{54762268-E135-4151-A6BA-25D1DDB8AFBB}.Release|iPhone.Build.0 = Release|Any CPU
		{54762268-E135-4151-A6BA-25D1DDB8AFBB}.Release|iPhoneSimulator.ActiveCfg = Release|Any CPU
		{54762268-E135-4151-A6BA-25D1DDB8AFBB}.Release|iPhoneSimulator.Build.0 = Release|Any CPU
		{54762268-E135-4151-A6BA-25D1DDB8AFBB}.Release|x64.ActiveCfg = Release|Any CPU
		{54762268-E135-4151-A6BA-25D1DDB8AFBB}.Release|x64.Build.0 = Release|Any CPU
		{54762268-E135-4151-A6BA-25D1DDB8AFBB}.Release|x86.ActiveCfg = Release|Any CPU
		{54762268-E135-4151-A6BA-25D1DDB8AFBB}.Release|x86.Build.0 = Release|Any CPU
	EndGlobalSection
	GlobalSection(SolutionProperties) = preSolution
		HideSolutionNode = FALSE
	EndGlobalSection
	GlobalSection(NestedProjects) = preSolution
		{950F875D-E485-495D-8694-65D23BBDF99E} = {184446DD-570E-4427-8B30-75300F916AC1}
		{B05D9B3C-2913-42BD-B17E-F23C3FF7B3A2} = {3AF3CD22-CC7F-437B-BB25-A01A2C3F7C5B}
		{4F217BC6-2122-43FB-B057-CB02FBCB3D50} = {903AF433-6938-4B1C-A9D3-D31D297A28D7}
		{8ED61E34-C83F-49AF-8B49-0FA1C13BBDB0} = {903AF433-6938-4B1C-A9D3-D31D297A28D7}
		{55D171C6-B2F3-4EF7-A0F0-FE05DD067C1B} = {184446DD-570E-4427-8B30-75300F916AC1}
		{A0788AD4-438D-4C8E-8144-D72B817B65F6} = {184446DD-570E-4427-8B30-75300F916AC1}
		{FB7BAA57-99BC-400B-A108-087E55331915} = {3AF3CD22-CC7F-437B-BB25-A01A2C3F7C5B}
		{805C6797-DC4B-47CA-A477-C4CB516960A1} = {3AF3CD22-CC7F-437B-BB25-A01A2C3F7C5B}
		{41678292-CA33-4D05-BF50-43C192727846} = {3AF3CD22-CC7F-437B-BB25-A01A2C3F7C5B}
		{54762268-E135-4151-A6BA-25D1DDB8AFBB} = {3AF3CD22-CC7F-437B-BB25-A01A2C3F7C5B}
	EndGlobalSection
	GlobalSection(ExtensibilityGlobals) = postSolution
		SolutionGuid = {18F09F53-6D03-4379-BA2A-A7BA7E047CEB}
	EndGlobalSection
EndGlobal
